
Microsoft Visual Studio Solution File, Format Version 12.00
# Visual Studio Version 16
VisualStudioVersion = 16.0.28803.202
MinimumVisualStudioVersion = 10.0.40219.1
Project("{FAE04EC0-301F-11D3-BF4B-00C04F79EFBC}") = "RentalManager", "RentalManager\RentalManager.csproj", "{952546DC-7B54-4DD5-9F55-D134073B7DDC}"
EndProject
Global
	GlobalSection(SolutionConfigurationPlatforms) = preSolution
		Debug|Any CPU = Debug|Any CPU
		Release|Any CPU = Release|Any CPU
	EndGlobalSection
	GlobalSection(ProjectConfigurationPlatforms) = postSolution
		{952546DC-7B54-4DD5-9F55-D134073B7DDC}.Debug|Any CPU.ActiveCfg = Debug|Any CPU
		{952546DC-7B54-4DD5-9F55-D134073B7DDC}.Debug|Any CPU.Build.0 = Debug|Any CPU
		{952546DC-7B54-4DD5-9F55-D134073B7DDC}.Release|Any CPU.ActiveCfg = Release|Any CPU
		{952546DC-7B54-4DD5-9F55-D134073B7DDC}.Release|Any CPU.Build.0 = Release|Any CPU
	EndGlobalSection
	GlobalSection(SolutionProperties) = preSolution
		HideSolutionNode = FALSE
	EndGlobalSection
	GlobalSection(ExtensibilityGlobals) = postSolution
		SolutionGuid = {79444300-3DF9-4CD6-A248-A4D75186BD1F}
	EndGlobalSection
EndGlobal
